
Microsoft Visual Studio Solution File, Format Version 12.00
# Visual Studio Version 17
VisualStudioVersion = 17.5.33516.290
MinimumVisualStudioVersion = 10.0.40219.1
Project("{FAE04EC0-301F-11D3-BF4B-00C04F79EFBC}") = "EmployeeOOP", "EmployeeOOP.csproj", "{319F9FF2-9656-4254-B33C-03FDD0234A3D}"
EndProject
Global
	GlobalSection(SolutionConfigurationPlatforms) = preSolution
		Debug|Any CPU = Debug|Any CPU
		Release|Any CPU = Release|Any CPU
	EndGlobalSection
	GlobalSection(ProjectConfigurationPlatforms) = postSolution
		{319F9FF2-9656-4254-B33C-03FDD0234A3D}.Debug|Any CPU.ActiveCfg = Debug|Any CPU
		{319F9FF2-9656-4254-B33C-03FDD0234A3D}.Debug|Any CPU.Build.0 = Debug|Any CPU
		{319F9FF2-9656-4254-B33C-03FDD0234A3D}.Release|Any CPU.ActiveCfg = Release|Any CPU
		{319F9FF2-9656-4254-B33C-03FDD0234A3D}.Release|Any CPU.Build.0 = Release|Any CPU
	EndGlobalSection
	GlobalSection(SolutionProperties) = preSolution
		HideSolutionNode = FALSE
	EndGlobalSection
	GlobalSection(ExtensibilityGlobals) = postSolution
		SolutionGuid = {1D6424F5-AE0A-42C6-9294-759D6A2A24D4}
	EndGlobalSection
EndGlobal
